
Microsoft Visual Studio Solution File, Format Version 12.00
# Visual Studio Version 17
VisualStudioVersion = 17.0.31903.59
MinimumVisualStudioVersion = 10.0.40219.1
Project("{FAE04EC0-301F-11D3-BF4B-00C04F79EFBC}") = "EatsVoiceCompanion.App", "EatsVoiceCompanion.App\EatsVoiceCompanion.App.csproj", "{BC563688-4355-4A22-A00A-628734C5D526}"
EndProject
Project("{FAE04EC0-301F-11D3-BF4B-00C04F79EFBC}") = "EatsVoiceCompanion.Core", "EatsVoiceCompanion.Core\EatsVoiceCompanion.Core.csproj", "{506BFB5F-4D9B-4DD7-9E48-28B01D080CD0}"
EndProject
Project("{FAE04EC0-301F-11D3-BF4B-00C04F79EFBC}") = "EatsVoiceCompanion.Tests", "EatsVoiceCompanion.Tests\EatsVoiceCompanion.Tests.csproj", "{B0234D75-A1CF-4C47-B0B4-9F75A04B1606}"
EndProject
Global
	GlobalSection(SolutionConfigurationPlatforms) = preSolution
		Debug|Any CPU = Debug|Any CPU
		Release|Any CPU = Release|Any CPU
	EndGlobalSection
	GlobalSection(SolutionProperties) = preSolution
		HideSolutionNode = FALSE
	EndGlobalSection
	GlobalSection(ProjectConfigurationPlatforms) = postSolution
		{BC563688-4355-4A22-A00A-628734C5D526}.Debug|Any CPU.ActiveCfg = Debug|Any CPU
		{BC563688-4355-4A22-A00A-628734C5D526}.Debug|Any CPU.Build.0 = Debug|Any CPU
		{BC563688-4355-4A22-A00A-628734C5D526}.Release|Any CPU.ActiveCfg = Release|Any CPU
		{BC563688-4355-4A22-A00A-628734C5D526}.Release|Any CPU.Build.0 = Release|Any CPU
		{506BFB5F-4D9B-4DD7-9E48-28B01D080CD0}.Debug|Any CPU.ActiveCfg = Debug|Any CPU
		{506BFB5F-4D9B-4DD7-9E48-28B01D080CD0}.Debug|Any CPU.Build.0 = Debug|Any CPU
		{506BFB5F-4D9B-4DD7-9E48-28B01D080CD0}.Release|Any CPU.ActiveCfg = Release|Any CPU
		{506BFB5F-4D9B-4DD7-9E48-28B01D080CD0}.Release|Any CPU.Build.0 = Release|Any CPU
		{B0234D75-A1CF-4C47-B0B4-9F75A04B1606}.Debug|Any CPU.ActiveCfg = Debug|Any CPU
		{B0234D75-A1CF-4C47-B0B4-9F75A04B1606}.Debug|Any CPU.Build.0 = Debug|Any CPU
		{B0234D75-A1CF-4C47-B0B4-9F75A04B1606}.Release|Any CPU.ActiveCfg = Release|Any CPU
		{B0234D75-A1CF-4C47-B0B4-9F75A04B1606}.Release|Any CPU.Build.0 = Release|Any CPU
	EndGlobalSection
EndGlobal
